
Microsoft Visual Studio Solution File, Format Version 12.00
# Visual Studio Version 17
VisualStudioVersion = 17.3.32901.215
MinimumVisualStudioVersion = 10.0.40219.1
Project("{FAE04EC0-301F-11D3-BF4B-00C04F79EFBC}") = "NewsPortal", "NewsPortal\NewsPortal.csproj", "{A707CC99-9F32-48FA-BF45-515E989A607C}"
EndProject
Global
	GlobalSection(SolutionConfigurationPlatforms) = preSolution
		Debug|Any CPU = Debug|Any CPU
		Release|Any CPU = Release|Any CPU
	EndGlobalSection
	GlobalSection(ProjectConfigurationPlatforms) = postSolution
		{A707CC99-9F32-48FA-BF45-515E989A607C}.Debug|Any CPU.ActiveCfg = Debug|Any CPU
		{A707CC99-9F32-48FA-BF45-515E989A607C}.Debug|Any CPU.Build.0 = Debug|Any CPU
		{A707CC99-9F32-48FA-BF45-515E989A607C}.Release|Any CPU.ActiveCfg = Release|Any CPU
		{A707CC99-9F32-48FA-BF45-515E989A607C}.Release|Any CPU.Build.0 = Release|Any CPU
	EndGlobalSection
	GlobalSection(SolutionProperties) = preSolution
		HideSolutionNode = FALSE
	EndGlobalSection
	GlobalSection(ExtensibilityGlobals) = postSolution
		SolutionGuid = {60BB1CD6-0A9D-46C5-87A3-61325551C17F}
	EndGlobalSection
EndGlobal
